Microsoft Visual Studio Solution File, Format Version 12.00
# Visual Studio Version 17
VisualStudioVersion = 17.5.2.0
MinimumVisualStudioVersion = 10.0.40219.1
Project("{2150E333-8FDC-42A3-9474-1A3956D46DE8}") = "Servidor", "Servidor", "{60E9AB07-375D-EBFC-34B4-6824E664EA23}"
EndProject
Project("{FAE04EC0-301F-11D3-BF4B-00C04F79EFBC}") = "UnivSys.API", "Servidor\UnivSys.API\UnivSys.API.csproj", "{802F1DFB-1651-57C1-C8C1-DC74B636BB5B}"
EndProject
Global
	GlobalSection(SolutionConfigurationPlatforms) = preSolution
		Debug|Any CPU = Debug|Any CPU
		Release|Any CPU = Release|Any CPU
	EndGlobalSection
	GlobalSection(ProjectConfigurationPlatforms) = postSolution
		{802F1DFB-1651-57C1-C8C1-DC74B636BB5B}.Debug|Any CPU.ActiveCfg = Debug|Any CPU
		{802F1DFB-1651-57C1-C8C1-DC74B636BB5B}.Debug|Any CPU.Build.0 = Debug|Any CPU
		{802F1DFB-1651-57C1-C8C1-DC74B636BB5B}.Release|Any CPU.ActiveCfg = Release|Any CPU
		{802F1DFB-1651-57C1-C8C1-DC74B636BB5B}.Release|Any CPU.Build.0 = Release|Any CPU
	EndGlobalSection
	GlobalSection(SolutionProperties) = preSolution
		HideSolutionNode = FALSE
	EndGlobalSection
	GlobalSection(NestedProjects) = preSolution
		{802F1DFB-1651-57C1-C8C1-DC74B636BB5B} = {60E9AB07-375D-EBFC-34B4-6824E664EA23}
	EndGlobalSection
	GlobalSection(ExtensibilityGlobals) = postSolution
		SolutionGuid = {3925D3CC-A13E-4B12-97CF-67F9AD976D0F}
	EndGlobalSection
EndGlobal
