Microsoft Visual Studio Solution File, Format Version 12.00
# Visual Studio Version 17
VisualStudioVersion = 17.5.2.0
MinimumVisualStudioVersion = 10.0.40219.1
Project("{FAE04EC0-301F-11D3-BF4B-00C04F79EFBC}") = "UnivSys.API", "UnivSys.API\UnivSys.API.csproj", "{BB8D498E-76ED-7A2B-9517-C5230F7645FA}"
EndProject
Global
	GlobalSection(SolutionConfigurationPlatforms) = preSolution
		Debug|Any CPU = Debug|Any CPU
		Release|Any CPU = Release|Any CPU
	EndGlobalSection
	GlobalSection(ProjectConfigurationPlatforms) = postSolution
		{BB8D498E-76ED-7A2B-9517-C5230F7645FA}.Debug|Any CPU.ActiveCfg = Debug|Any CPU
		{BB8D498E-76ED-7A2B-9517-C5230F7645FA}.Debug|Any CPU.Build.0 = Debug|Any CPU
		{BB8D498E-76ED-7A2B-9517-C5230F7645FA}.Release|Any CPU.ActiveCfg = Release|Any CPU
		{BB8D498E-76ED-7A2B-9517-C5230F7645FA}.Release|Any CPU.Build.0 = Release|Any CPU
	EndGlobalSection
	GlobalSection(SolutionProperties) = preSolution
		HideSolutionNode = FALSE
	EndGlobalSection
	GlobalSection(ExtensibilityGlobals) = postSolution
		SolutionGuid = {47BE0389-E764-42D2-8EDB-87F6FD545F86}
	EndGlobalSection
EndGlobal
